
Microsoft Visual Studio Solution File, Format Version 12.00
# Visual Studio 15
VisualStudioVersion = 15.0.26730.12
MinimumVisualStudioVersion = 10.0.40219.1
Project("{FAE04EC0-301F-11D3-BF4B-00C04F79EFBC}") = "PanZoomBox", "PanZoomBox\PanZoomBox.csproj", "{7BFA76A2-3D74-49E1-810C-22A7C47D95CD}"
EndProject
Global
	GlobalSection(SolutionConfigurationPlatforms) = preSolution
		Debug|Any CPU = Debug|Any CPU
		Release|Any CPU = Release|Any CPU
	EndGlobalSection
	GlobalSection(ProjectConfigurationPlatforms) = postSolution
		{7BFA76A2-3D74-49E1-810C-22A7C47D95CD}.Debug|Any CPU.ActiveCfg = Debug|Any CPU
		{7BFA76A2-3D74-49E1-810C-22A7C47D95CD}.Debug|Any CPU.Build.0 = Debug|Any CPU
		{7BFA76A2-3D74-49E1-810C-22A7C47D95CD}.Release|Any CPU.ActiveCfg = Release|Any CPU
		{7BFA76A2-3D74-49E1-810C-22A7C47D95CD}.Release|Any CPU.Build.0 = Release|Any CPU
	EndGlobalSection
	GlobalSection(SolutionProperties) = preSolution
		HideSolutionNode = FALSE
	EndGlobalSection
	GlobalSection(ExtensibilityGlobals) = postSolution
		SolutionGuid = {223591E6-7F05-419F-B11F-EC6A232AE602}
	EndGlobalSection
EndGlobal
